
Microsoft Visual Studio Solution File, Format Version 12.00
# Visual Studio Version 17
VisualStudioVersion = 17.0.31903.59
MinimumVisualStudioVersion = 10.0.40219.1
Project("{2150E333-8FDC-42A3-9474-1A3956D46DE8}") = "@Root", "@Root", "{D24F7A97-57C2-41F0-BA12-CDFCAF5EA7C7}"
	ProjectSection(SolutionItems) = preProject
		.gitattributes = .gitattributes
		.gitignore = .gitignore
		package.json = package.json
		README.md = README.md
	EndProjectSection
EndProject
Project("{2150E333-8FDC-42A3-9474-1A3956D46DE8}") = "Hcd", "Hcd", "{F45C3618-F905-4720-924F-1A699C62DB6E}"
EndProject
Project("{FAE04EC0-301F-11D3-BF4B-00C04F79EFBC}") = "Hcd.Api", "src\Hcd\Hcd.Api\Hcd.Api.csproj", "{368F614B-7CB1-423C-9BD3-2CBA5F993668}"
EndProject
Project("{FAE04EC0-301F-11D3-BF4B-00C04F79EFBC}") = "Hcd.Application", "src\Hcd\Hcd.Application\Hcd.Application.csproj", "{503EF12D-ACA5-49CD-A89D-199111BB0288}"
EndProject
Project("{FAE04EC0-301F-11D3-BF4B-00C04F79EFBC}") = "Hcd.Common", "src\Hcd\Hcd.Common\Hcd.Common.csproj", "{C025ED09-D2E9-4BDF-A3DD-7CA6AFB3188E}"
EndProject
Project("{FAE04EC0-301F-11D3-BF4B-00C04F79EFBC}") = "Hcd.Data", "src\Hcd\Hcd.Data\Hcd.Data.csproj", "{0576F4A8-042F-40B5-98CC-CBFCF8E445EB}"
EndProject
Project("{FAE04EC0-301F-11D3-BF4B-00C04F79EFBC}") = "Hcd.Infrastructure", "src\Hcd\Hcd.Infrastructure\Hcd.Infrastructure.csproj", "{ED38AA75-107C-4A63-B9A1-35F982246699}"
EndProject
Project("{FAE04EC0-301F-11D3-BF4B-00C04F79EFBC}") = "Hcd.Migrator", "src\Hcd\Hcd.Migrator\Hcd.Migrator.csproj", "{D53113FC-6F46-4AAB-9C3D-7D7F072A3DA4}"
EndProject
Global
	GlobalSection(SolutionConfigurationPlatforms) = preSolution
		Debug|Any CPU = Debug|Any CPU
		Release|Any CPU = Release|Any CPU
	EndGlobalSection
	GlobalSection(SolutionProperties) = preSolution
		HideSolutionNode = FALSE
	EndGlobalSection
	GlobalSection(ProjectConfigurationPlatforms) = postSolution
		{368F614B-7CB1-423C-9BD3-2CBA5F993668}.Debug|Any CPU.ActiveCfg = Debug|Any CPU
		{368F614B-7CB1-423C-9BD3-2CBA5F993668}.Debug|Any CPU.Build.0 = Debug|Any CPU
		{368F614B-7CB1-423C-9BD3-2CBA5F993668}.Release|Any CPU.ActiveCfg = Release|Any CPU
		{368F614B-7CB1-423C-9BD3-2CBA5F993668}.Release|Any CPU.Build.0 = Release|Any CPU
		{503EF12D-ACA5-49CD-A89D-199111BB0288}.Debug|Any CPU.ActiveCfg = Debug|Any CPU
		{503EF12D-ACA5-49CD-A89D-199111BB0288}.Debug|Any CPU.Build.0 = Debug|Any CPU
		{503EF12D-ACA5-49CD-A89D-199111BB0288}.Release|Any CPU.ActiveCfg = Release|Any CPU
		{503EF12D-ACA5-49CD-A89D-199111BB0288}.Release|Any CPU.Build.0 = Release|Any CPU
		{C025ED09-D2E9-4BDF-A3DD-7CA6AFB3188E}.Debug|Any CPU.ActiveCfg = Debug|Any CPU
		{C025ED09-D2E9-4BDF-A3DD-7CA6AFB3188E}.Debug|Any CPU.Build.0 = Debug|Any CPU
		{C025ED09-D2E9-4BDF-A3DD-7CA6AFB3188E}.Release|Any CPU.ActiveCfg = Release|Any CPU
		{C025ED09-D2E9-4BDF-A3DD-7CA6AFB3188E}.Release|Any CPU.Build.0 = Release|Any CPU
		{0576F4A8-042F-40B5-98CC-CBFCF8E445EB}.Debug|Any CPU.ActiveCfg = Debug|Any CPU
		{0576F4A8-042F-40B5-98CC-CBFCF8E445EB}.Debug|Any CPU.Build.0 = Debug|Any CPU
		{0576F4A8-042F-40B5-98CC-CBFCF8E445EB}.Release|Any CPU.ActiveCfg = Release|Any CPU
		{0576F4A8-042F-40B5-98CC-CBFCF8E445EB}.Release|Any CPU.Build.0 = Release|Any CPU
		{ED38AA75-107C-4A63-B9A1-35F982246699}.Debug|Any CPU.ActiveCfg = Debug|Any CPU
		{ED38AA75-107C-4A63-B9A1-35F982246699}.Debug|Any CPU.Build.0 = Debug|Any CPU
		{ED38AA75-107C-4A63-B9A1-35F982246699}.Release|Any CPU.ActiveCfg = Release|Any CPU
		{ED38AA75-107C-4A63-B9A1-35F982246699}.Release|Any CPU.Build.0 = Release|Any CPU
		{D53113FC-6F46-4AAB-9C3D-7D7F072A3DA4}.Debug|Any CPU.ActiveCfg = Debug|Any CPU
		{D53113FC-6F46-4AAB-9C3D-7D7F072A3DA4}.Debug|Any CPU.Build.0 = Debug|Any CPU
		{D53113FC-6F46-4AAB-9C3D-7D7F072A3DA4}.Release|Any CPU.ActiveCfg = Release|Any CPU
		{D53113FC-6F46-4AAB-9C3D-7D7F072A3DA4}.Release|Any CPU.Build.0 = Release|Any CPU
	EndGlobalSection
	GlobalSection(NestedProjects) = preSolution
		{368F614B-7CB1-423C-9BD3-2CBA5F993668} = {F45C3618-F905-4720-924F-1A699C62DB6E}
		{503EF12D-ACA5-49CD-A89D-199111BB0288} = {F45C3618-F905-4720-924F-1A699C62DB6E}
		{C025ED09-D2E9-4BDF-A3DD-7CA6AFB3188E} = {F45C3618-F905-4720-924F-1A699C62DB6E}
		{0576F4A8-042F-40B5-98CC-CBFCF8E445EB} = {F45C3618-F905-4720-924F-1A699C62DB6E}
		{ED38AA75-107C-4A63-B9A1-35F982246699} = {F45C3618-F905-4720-924F-1A699C62DB6E}
		{D53113FC-6F46-4AAB-9C3D-7D7F072A3DA4} = {F45C3618-F905-4720-924F-1A699C62DB6E}
	EndGlobalSection
EndGlobal
